{
  "version": 4,
  "terraform_version": "1.5.3",
  "serial": 45,
  "lineage": "125fb96a-6f08-dab7-a169-e5ed917278a5",
  "outputs": {
    "droplet_ip": {
      "value": [
        "167.71.30.137"
      ],
      "type": [
        "tuple",
        [
          "string"
        ]
      ]
    }
  },
  "resources": [
    {
      "mode": "managed",
      "type": "digitalocean_droplet",
      "name": "vm_devops",
      "provider": "provider[\"registry.terraform.io/digitalocean/digitalocean\"]",
      "instances": [
        {
          "index_key": 0,
          "schema_version": 1,
          "attributes": {
            "backups": false,
            "created_at": "2023-07-17T14:05:13Z",
            "disk": 50,
            "droplet_agent": null,
            "graceful_shutdown": false,
            "id": "365650461",
            "image": "ubuntu-22-04-x64",
            "ipv4_address": "167.71.30.137",
            "ipv4_address_private": "10.116.0.2",
            "ipv6": false,
            "ipv6_address": "",
            "locked": false,
            "memory": 2048,
            "monitoring": false,
            "name": "vm-devops-0",
            "price_hourly": 0.01786,
            "price_monthly": 12,
            "private_networking": true,
            "region": "nyc1",
            "resize_disk": true,
            "size": "s-1vcpu-2gb",
            "ssh_keys": [
              "12:64:bc:8d:f8:61:aa:9c:c7:a0:d7:d2:1f:55:f2:cf"
            ],
            "status": "active",
            "tags": null,
            "timeouts": null,
            "urn": "do:droplet:365650461",
            "user_data": null,
            "vcpus": 1,
            "volume_ids": [],
            "vpc_uuid": "1bba08c6-6e25-4d3a-831b-c116f9a50aeb"
          },
          "sensitive_attributes": [],
          "private": "eyJlMmJmYjczMC1lY2FhLTExZTYtOGY4OC0zNDM2M2JjN2M0YzAiOnsiY3JlYXRlIjozNjAwMDAwMDAwMDAwLCJkZWxldGUiOjYwMDAwMDAwMDAwLCJ1cGRhdGUiOjM2MDAwMDAwMDAwMDB9LCJzY2hlbWFfdmVyc2lvbiI6IjEifQ==",
          "dependencies": [
            "digitalocean_ssh_key.ssh"
          ]
        }
      ]
    },
    {
      "mode": "managed",
      "type": "digitalocean_firewall",
      "name": "fw_vm_devops",
      "provider": "provider[\"registry.terraform.io/digitalocean/digitalocean\"]",
      "instances": [
        {
          "schema_version": 0,
          "attributes": {
            "created_at": "2023-07-17T14:05:46Z",
            "droplet_ids": [
              365650461
            ],
            "id": "6f805d90-4019-4a9b-860f-4bd36df3715e",
            "inbound_rule": [
              {
                "port_range": "22",
                "protocol": "tcp",
                "source_addresses": [
                  "0.0.0.0/0",
                  "::/0"
                ],
                "source_droplet_ids": [],
                "source_kubernetes_ids": [],
                "source_load_balancer_uids": [],
                "source_tags": []
              }
            ],
            "name": "only-22",
            "outbound_rule": [
              {
                "destination_addresses": [
                  "0.0.0.0/0",
                  "::/0"
                ],
                "destination_droplet_ids": [],
                "destination_kubernetes_ids": [],
                "destination_load_balancer_uids": [],
                "destination_tags": [],
                "port_range": "22",
                "protocol": "tcp"
              }
            ],
            "pending_changes": [
              {
                "droplet_id": 365650461,
                "removing": false,
                "status": "waiting"
              }
            ],
            "status": "waiting",
            "tags": null
          },
          "sensitive_attributes": [],
          "private": "bnVsbA==",
          "dependencies": [
            "digitalocean_droplet.vm_devops",
            "digitalocean_ssh_key.ssh"
          ]
        }
      ]
    },
    {
      "mode": "managed",
      "type": "digitalocean_ssh_key",
      "name": "ssh",
      "provider": "provider[\"registry.terraform.io/digitalocean/digitalocean\"]",
      "instances": [
        {
          "schema_version": 0,
          "attributes": {
            "fingerprint": "12:64:bc:8d:f8:61:aa:9c:c7:a0:d7:d2:1f:55:f2:cf",
            "id": "38860638",
            "name": "vm-devops",
            "public_key": "ssh-rsa AAAAB3NzaC1yc2EAAAADAQABAAABAQCp+yHoJJ0I31yhzc1vkIS+RsG3uDCvGwDS33CmolmvanMXCmkEfGmRALxnJoxc7/AbK9Nm4kCJ8ZswLKHEdYb+HfAqA816MJGYhTJ5+vp4anpBLiVindqz+9ROt9CnHn9nABBZdHQCVcX8gNawA3KwFsn4o+ZhlLFPk8GJW2vA21iI5qlaocaGveMAOcMx6bOurgKzl4BvVWttZT0gj9D9Zg2Y9mZBNOcKjkCTWOuauTla8Z3Uyv/Wy9FhkTuIl3o3wZTWFpOxIby3G5zVO5OTK1CQI5BWeXoas2hinW1uQDvTzEviF7IiAZYQ5Yi9x8iYJZBmGbaTQmtHTctjHlyt master@devops-master\n"
          },
          "sensitive_attributes": [],
          "private": "bnVsbA=="
        }
      ]
    }
  ],
  "check_results": null
}
